// !$*UTF8*$!
{
	archiveVersion = 1;
	classes = {
	};
	objectVersion = 50;
	objects = {

/* Begin PBXBuildFile section */
		FD3BC5F921A3385C004C633C /* NewsCollectionViewController.swift in Sources */ = {isa = PBXBuildFile; fileRef = FD3BC5F821A3385C004C633C /* NewsCollectionViewController.swift */; };
		FD3BC5FB21A5EDF9004C633C /* NewsPostCVCell.swift in Sources */ = {isa = PBXBuildFile; fileRef = FD3BC5FA21A5EDF9004C633C /* NewsPostCVCell.swift */; };
		FD3BC5FD21A7168E004C633C /* PostImageView.swift in Sources */ = {isa = PBXBuildFile; fileRef = FD3BC5FC21A7168E004C633C /* PostImageView.swift */; };
		FD3BC5FF21A7189E004C633C /* NewsPost.swift in Sources */ = {isa = PBXBuildFile; fileRef = FD3BC5FE21A7189E004C633C /* NewsPost.swift */; };
		FD3BC60121A718D0004C633C /* ImageInfo.swift in Sources */ = {isa = PBXBuildFile; fileRef = FD3BC60021A718D0004C633C /* ImageInfo.swift */; };
		FD3BC60321A7193D004C633C /* News.swift in Sources */ = {isa = PBXBuildFile; fileRef = FD3BC60221A7193D004C633C /* News.swift */; };
		FD3BC60D21A71A92004C633C /* NewsSources.swift in Sources */ = {isa = PBXBuildFile; fileRef = FD3BC60C21A71A92004C633C /* NewsSources.swift */; };
		FD3BC60F21A71AC1004C633C /* UIColor Extension.swift in Sources */ = {isa = PBXBuildFile; fileRef = FD3BC60E21A71AC1004C633C /* UIColor Extension.swift */; };
		FD3BC61521A7CD2D004C633C /* ContainerViewController.swift in Sources */ = {isa = PBXBuildFile; fileRef = FD3BC61421A7CD2D004C633C /* ContainerViewController.swift */; };
		FDBE21F621A14CC90036A660 /* AppDelegate.swift in Sources */ = {isa = PBXBuildFile; fileRef = FDBE21F521A14CC90036A660 /* AppDelegate.swift */; };
		FDBE21FB21A14CC90036A660 /* Main.storyboard in Resources */ = {isa = PBXBuildFile; fileRef = FDBE21F921A14CC90036A660 /* Main.storyboard */; };
		FDBE21FD21A14CCB0036A660 /* Assets.xcassets in Resources */ = {isa = PBXBuildFile; fileRef = FDBE21FC21A14CCB0036A660 /* Assets.xcassets */; };
		FDBE220021A14CCB0036A660 /* LaunchScreen.storyboard in Resources */ = {isa = PBXBuildFile; fileRef = FDBE21FE21A14CCB0036A660 /* LaunchScreen.storyboard */; };
		FDBE220821A14D430036A660 /* SourcesTableTableViewController.swift in Sources */ = {isa = PBXBuildFile; fileRef = FDBE220721A14D430036A660 /* SourcesTableTableViewController.swift */; };
		FDBE221021A1568B0036A660 /* NewsSourceTVCell.swift in Sources */ = {isa = PBXBuildFile; fileRef = FDBE220F21A1568B0036A660 /* NewsSourceTVCell.swift */; };
		FDEFFCE921A7FD290039EA26 /* NavViewController.swift in Sources */ = {isa = PBXBuildFile; fileRef = FDEFFCE821A7FD290039EA26 /* NavViewController.swift */; };
/* End PBXBuildFile section */

/* Begin PBXFileReference section */
		FD3BC5F821A3385C004C633C /* NewsCollectionViewController.swift */ = {isa = PBXFileReference; lastKnownFileType = sourcecode.swift; path = NewsCollectionViewController.swift; sourceTree = "<group>"; };
		FD3BC5FA21A5EDF9004C633C /* NewsPostCVCell.swift */ = {isa = PBXFileReference; lastKnownFileType = sourcecode.swift; path = NewsPostCVCell.swift; sourceTree = "<group>"; };
		FD3BC5FC21A7168E004C633C /* PostImageView.swift */ = {isa = PBXFileReference; lastKnownFileType = sourcecode.swift; path = PostImageView.swift; sourceTree = "<group>"; };
		FD3BC5FE21A7189E004C633C /* NewsPost.swift */ = {isa = PBXFileReference; lastKnownFileType = sourcecode.swift; path = NewsPost.swift; sourceTree = "<group>"; };
		FD3BC60021A718D0004C633C /* ImageInfo.swift */ = {isa = PBXFileReference; lastKnownFileType = sourcecode.swift; path = ImageInfo.swift; sourceTree = "<group>"; };
		FD3BC60221A7193D004C633C /* News.swift */ = {isa = PBXFileReference; lastKnownFileType = sourcecode.swift; path = News.swift; sourceTree = "<group>"; };
		FD3BC60C21A71A92004C633C /* NewsSources.swift */ = {isa = PBXFileReference; lastKnownFileType = sourcecode.swift; path = NewsSources.swift; sourceTree = "<group>"; };
		FD3BC60E21A71AC1004C633C /* UIColor Extension.swift */ = {isa = PBXFileReference; lastKnownFileType = sourcecode.swift; path = "UIColor Extension.swift"; sourceTree = "<group>"; };
		FD3BC61421A7CD2D004C633C /* ContainerViewController.swift */ = {isa = PBXFileReference; lastKnownFileType = sourcecode.swift; path = ContainerViewController.swift; sourceTree = "<group>"; };
		FDBE21F221A14CC90036A660 /* FlatunDemo.app */ = {isa = PBXFileReference; explicitFileType = wrapper.application; includeInIndex = 0; path = FlatunDemo.app; sourceTree = BUILT_PRODUCTS_DIR; };
		FDBE21F521A14CC90036A660 /* AppDelegate.swift */ = {isa = PBXFileReference; lastKnownFileType = sourcecode.swift; path = AppDelegate.swift; sourceTree = "<group>"; };
		FDBE21FA21A14CC90036A660 /* Base */ = {isa = PBXFileReference; lastKnownFileType = file.storyboard; name = Base; path = Base.lproj/Main.storyboard; sourceTree = "<group>"; };
		FDBE21FC21A14CCB0036A660 /* Assets.xcassets */ = {isa = PBXFileReference; lastKnownFileType = folder.assetcatalog; path = Assets.xcassets; sourceTree = "<group>"; };
		FDBE21FF21A14CCB0036A660 /* Base */ = {isa = PBXFileReference; lastKnownFileType = file.storyboard; name = Base; path = Base.lproj/LaunchScreen.storyboard; sourceTree = "<group>"; };
		FDBE220121A14CCB0036A660 /* Info.plist */ = {isa = PBXFileReference; lastKnownFileType = text.plist.xml; path = Info.plist; sourceTree = "<group>"; };
		FDBE220721A14D430036A660 /* SourcesTableTableViewController.swift */ = {isa = PBXFileReference; lastKnownFileType = sourcecode.swift; path = SourcesTableTableViewController.swift; sourceTree = "<group>"; };
		FDBE220F21A1568B0036A660 /* NewsSourceTVCell.swift */ = {isa = PBXFileReference; lastKnownFileType = sourcecode.swift; path = NewsSourceTVCell.swift; sourceTree = "<group>"; };
		FDEFFCE821A7FD290039EA26 /* NavViewController.swift */ = {isa = PBXFileReference; lastKnownFileType = sourcecode.swift; path = NavViewController.swift; sourceTree = "<group>"; };
/* End PBXFileReference section */

/* Begin PBXFrameworksBuildPhase section */
		FDBE21EF21A14CC90036A660 /* Frameworks */ = {
			isa = PBXFrameworksBuildPhase;
			buildActionMask = 2147483647;
			files = (
			);
			runOnlyForDeploymentPostprocessing = 0;
		};
/* End PBXFrameworksBuildPhase section */

/* Begin PBXGroup section */
		FD3BC60421A71983004C633C /* Model */ = {
			isa = PBXGroup;
			children = (
				FD3BC60021A718D0004C633C /* ImageInfo.swift */,
				FD3BC5FE21A7189E004C633C /* NewsPost.swift */,
				FD3BC60221A7193D004C633C /* News.swift */,
			);
			path = Model;
			sourceTree = "<group>";
		};
		FD3BC60521A719B4004C633C /* News Screen */ = {
			isa = PBXGroup;
			children = (
				FD3BC60621A719DA004C633C /* UI */,
				FD3BC60421A71983004C633C /* Model */,
			);
			path = "News Screen";
			sourceTree = "<group>";
		};
		FD3BC60621A719DA004C633C /* UI */ = {
			isa = PBXGroup;
			children = (
				FD3BC5F821A3385C004C633C /* NewsCollectionViewController.swift */,
				FD3BC5FA21A5EDF9004C633C /* NewsPostCVCell.swift */,
				FD3BC5FC21A7168E004C633C /* PostImageView.swift */,
			);
			path = UI;
			sourceTree = "<group>";
		};
		FD3BC60721A719F6004C633C /* Sources Screen */ = {
			isa = PBXGroup;
			children = (
				FD3BC60821A71A20004C633C /* UI */,
				FD3BC60921A71A2E004C633C /* Model */,
			);
			path = "Sources Screen";
			sourceTree = "<group>";
		};
		FD3BC60821A71A20004C633C /* UI */ = {
			isa = PBXGroup;
			children = (
				FDBE220721A14D430036A660 /* SourcesTableTableViewController.swift */,
				FDBE220F21A1568B0036A660 /* NewsSourceTVCell.swift */,
			);
			path = UI;
			sourceTree = "<group>";
		};
		FD3BC60921A71A2E004C633C /* Model */ = {
			isa = PBXGroup;
			children = (
				FD3BC60C21A71A92004C633C /* NewsSources.swift */,
			);
			path = Model;
			sourceTree = "<group>";
		};
		FD3BC60A21A71A58004C633C /* Additional Files */ = {
			isa = PBXGroup;
			children = (
				FDBE220121A14CCB0036A660 /* Info.plist */,
				FDBE21FC21A14CCB0036A660 /* Assets.xcassets */,
				FDBE21FE21A14CCB0036A660 /* LaunchScreen.storyboard */,
				FD3BC60E21A71AC1004C633C /* UIColor Extension.swift */,
			);
			path = "Additional Files";
			sourceTree = "<group>";
		};
		FD3BC60B21A71A68004C633C /* Main */ = {
			isa = PBXGroup;
			children = (
				FDEFFCE821A7FD290039EA26 /* NavViewController.swift */,
				FD3BC61421A7CD2D004C633C /* ContainerViewController.swift */,
				FDBE21F521A14CC90036A660 /* AppDelegate.swift */,
				FDBE21F921A14CC90036A660 /* Main.storyboard */,
			);
			path = Main;
			sourceTree = "<group>";
		};
		FDBE21E921A14CC90036A660 = {
			isa = PBXGroup;
			children = (
				FDBE21F421A14CC90036A660 /* FlatunDemo */,
				FDBE21F321A14CC90036A660 /* Products */,
			);
			sourceTree = "<group>";
		};
		FDBE21F321A14CC90036A660 /* Products */ = {
			isa = PBXGroup;
			children = (
				FDBE21F221A14CC90036A660 /* FlatunDemo.app */,
			);
			name = Products;
			sourceTree = "<group>";
		};
		FDBE21F421A14CC90036A660 /* FlatunDemo */ = {
			isa = PBXGroup;
			children = (
				FD3BC60B21A71A68004C633C /* Main */,
				FD3BC60721A719F6004C633C /* Sources Screen */,
				FD3BC60521A719B4004C633C /* News Screen */,
				FD3BC60A21A71A58004C633C /* Additional Files */,
			);
			path = FlatunDemo;
			sourceTree = "<group>";
		};
/* End PBXGroup section */

/* Begin PBXNativeTarget section */
		FDBE21F121A14CC90036A660 /* FlatunDemo */ = {
			isa = PBXNativeTarget;
			buildConfigurationList = FDBE220421A14CCB0036A660 /* Build configuration list for PBXNativeTarget "FlatunDemo" */;
			buildPhases = (
				FDBE21EE21A14CC90036A660 /* Sources */,
				FDBE21EF21A14CC90036A660 /* Frameworks */,
				FDBE21F021A14CC90036A660 /* Resources */,
			);
			buildRules = (
			);
			dependencies = (
			);
			name = FlatunDemo;
			productName = FlatunDemo;
			productReference = FDBE21F221A14CC90036A660 /* FlatunDemo.app */;
			productType = "com.apple.product-type.application";
		};
/* End PBXNativeTarget section */

/* Begin PBXProject section */
		FDBE21EA21A14CC90036A660 /* Project object */ = {
			isa = PBXProject;
			attributes = {
				LastSwiftUpdateCheck = 1010;
				LastUpgradeCheck = 1010;
				ORGANIZATIONNAME = "Евгений";
				TargetAttributes = {
					FDBE21F121A14CC90036A660 = {
						CreatedOnToolsVersion = 10.1;
					};
				};
			};
			buildConfigurationList = FDBE21ED21A14CC90036A660 /* Build configuration list for PBXProject "FlatunDemo" */;
			compatibilityVersion = "Xcode 9.3";
			developmentRegion = en;
			hasScannedForEncodings = 0;
			knownRegions = (
				en,
				Base,
			);
			mainGroup = FDBE21E921A14CC90036A660;
			productRefGroup = FDBE21F321A14CC90036A660 /* Products */;
			projectDirPath = "";
			projectRoot = "";
			targets = (
				FDBE21F121A14CC90036A660 /* FlatunDemo */,
			);
		};
/* End PBXProject section */

/* Begin PBXResourcesBuildPhase section */
		FDBE21F021A14CC90036A660 /* Resources */ = {
			isa = PBXResourcesBuildPhase;
			buildActionMask = 2147483647;
			files = (
				FDBE220021A14CCB0036A660 /* LaunchScreen.storyboard in Resources */,
				FDBE21FD21A14CCB0036A660 /* Assets.xcassets in Resources */,
				FDBE21FB21A14CC90036A660 /* Main.storyboard in Resources */,
			);
			runOnlyForDeploymentPostprocessing = 0;
		};
/* End PBXResourcesBuildPhase section */

/* Begin PBXSourcesBuildPhase section */
		FDBE21EE21A14CC90036A660 /* Sources */ = {
			isa = PBXSourcesBuildPhase;
			buildActionMask = 2147483647;
			files = (
				FDBE221021A1568B0036A660 /* NewsSourceTVCell.swift in Sources */,
				FD3BC60D21A71A92004C633C /* NewsSources.swift in Sources */,
				FD3BC5F921A3385C004C633C /* NewsCollectionViewController.swift in Sources */,
				FD3BC60F21A71AC1004C633C /* UIColor Extension.swift in Sources */,
				FD3BC60121A718D0004C633C /* ImageInfo.swift in Sources */,
				FD3BC5FB21A5EDF9004C633C /* NewsPostCVCell.swift in Sources */,
				FDBE220821A14D430036A660 /* SourcesTableTableViewController.swift in Sources */,
				FDEFFCE921A7FD290039EA26 /* NavViewController.swift in Sources */,
				FD3BC60321A7193D004C633C /* News.swift in Sources */,
				FD3BC5FD21A7168E004C633C /* PostImageView.swift in Sources */,
				FD3BC5FF21A7189E004C633C /* NewsPost.swift in Sources */,
				FD3BC61521A7CD2D004C633C /* ContainerViewController.swift in Sources */,
				FDBE21F621A14CC90036A660 /* AppDelegate.swift in Sources */,
			);
			runOnlyForDeploymentPostprocessing = 0;
		};
/* End PBXSourcesBuildPhase section */

/* Begin PBXVariantGroup section */
		FDBE21F921A14CC90036A660 /* Main.storyboard */ = {
			isa = PBXVariantGroup;
			children = (
				FDBE21FA21A14CC90036A660 /* Base */,
			);
			name = Main.storyboard;
			sourceTree = "<group>";
		};
		FDBE21FE21A14CCB0036A660 /* LaunchScreen.storyboard */ = {
			isa = PBXVariantGroup;
			children = (
				FDBE21FF21A14CCB0036A660 /* Base */,
			);
			name = LaunchScreen.storyboard;
			sourceTree = "<group>";
		};
/* End PBXVariantGroup section */

/* Begin XCBuildConfiguration section */
		FDBE220221A14CCB0036A660 /* Debug */ = {
			isa = XCBuildConfiguration;
			buildSettings = {
				ALWAYS_SEARCH_USER_PATHS = NO;
				CLANG_ANALYZER_NONNULL = YES;
				CLANG_ANALYZER_NUMBER_OBJECT_CONVERSION = YES_AGGRESSIVE;
				CLANG_CXX_LANGUAGE_STANDARD = "gnu++14";
				CLANG_CXX_LIBRARY = "libc++";
				CLANG_ENABLE_MODULES = YES;
				CLANG_ENABLE_OBJC_ARC = YES;
				CLANG_ENABLE_OBJC_WEAK = YES;
				CLANG_WARN_BLOCK_CAPTURE_AUTORELEASING = YES;
				CLANG_WARN_BOOL_CONVERSION = YES;
				CLANG_WARN_COMMA = YES;
				CLANG_WARN_CONSTANT_CONVERSION = YES;
				CLANG_WARN_DEPRECATED_OBJC_IMPLEMENTATIONS = YES;
				CLANG_WARN_DIRECT_OBJC_ISA_USAGE = YES_ERROR;
				CLANG_WARN_DOCUMENTATION_COMMENTS = YES;
				CLANG_WARN_EMPTY_BODY = YES;
				CLANG_WARN_ENUM_CONVERSION = YES;
				CLANG_WARN_INFINITE_RECURSION = YES;
				CLANG_WARN_INT_CONVERSION = YES;
				CLANG_WARN_NON_LITERAL_NULL_CONVERSION = YES;
				CLANG_WARN_OBJC_IMPLICIT_RETAIN_SELF = YES;
				CLANG_WARN_OBJC_LITERAL_CONVERSION = YES;
				CLANG_WARN_OBJC_ROOT_CLASS = YES_ERROR;
				CLANG_WARN_RANGE_LOOP_ANALYSIS = YES;
				CLANG_WARN_STRICT_PROTOTYPES = YES;
				CLANG_WARN_SUSPICIOUS_MOVE = YES;
				CLANG_WARN_UNGUARDED_AVAILABILITY = YES_AGGRESSIVE;
				CLANG_WARN_UNREACHABLE_CODE = YES;
				CLANG_WARN__DUPLICATE_METHOD_MATCH = YES;
				CODE_SIGN_IDENTITY = "iPhone Developer";
				COPY_PHASE_STRIP = NO;
				DEBUG_INFORMATION_FORMAT = dwarf;
				ENABLE_STRICT_OBJC_MSGSEND = YES;
				ENABLE_TESTABILITY = YES;
				GCC_C_LANGUAGE_STANDARD = gnu11;
				GCC_DYNAMIC_NO_PIC = NO;
				GCC_NO_COMMON_BLOCKS = YES;
				GCC_OPTIMIZATION_LEVEL = 0;
				GCC_PREPROCESSOR_DEFINITIONS = (
					"DEBUG=1",
					"$(inherited)",
				);
				GCC_WARN_64_TO_32_BIT_CONVERSION = YES;
				GCC_WARN_ABOUT_RETURN_TYPE = YES_ERROR;
				GCC_WARN_UNDECLARED_SELECTOR = YES;
				GCC_WARN_UNINITIALIZED_AUTOS = YES_AGGRESSIVE;
				GCC_WARN_UNUSED_FUNCTION = YES;
				GCC_WARN_UNUSED_VARIABLE = YES;
				IPHONEOS_DEPLOYMENT_TARGET = 12.1;
				MTL_ENABLE_DEBUG_INFO = INCLUDE_SOURCE;
				MTL_FAST_MATH = YES;
				ONLY_ACTIVE_ARCH = YES;
				SDKROOT = iphoneos;
				SWIFT_ACTIVE_COMPILATION_CONDITIONS = DEBUG;
				SWIFT_OPTIMIZATION_LEVEL = "-Onone";
			};
			name = Debug;
		};
		FDBE220321A14CCB0036A660 /* Release */ = {
			isa = XCBuildConfiguration;
			buildSettings = {
				ALWAYS_SEARCH_USER_PATHS = NO;
				CLANG_ANALYZER_NONNULL = YES;
				CLANG_ANALYZER_NUMBER_OBJECT_CONVERSION = YES_AGGRESSIVE;
				CLANG_CXX_LANGUAGE_STANDARD = "gnu++14";
				CLANG_CXX_LIBRARY = "libc++";
				CLANG_ENABLE_MODULES = YES;
				CLANG_ENABLE_OBJC_ARC = YES;
				CLANG_ENABLE_OBJC_WEAK = YES;
				CLANG_WARN_BLOCK_CAPTURE_AUTORELEASING = YES;
				CLANG_WARN_BOOL_CONVERSION = YES;
				CLANG_WARN_COMMA = YES;
				CLANG_WARN_CONSTANT_CONVERSION = YES;
				CLANG_WARN_DEPRECATED_OBJC_IMPLEMENTATIONS = YES;
				CLANG_WARN_DIRECT_OBJC_ISA_USAGE = YES_ERROR;
				CLANG_WARN_DOCUMENTATION_COMMENTS = YES;
				CLANG_WARN_EMPTY_BODY = YES;
				CLANG_WARN_ENUM_CONVERSION = YES;
				CLANG_WARN_INFINITE_RECURSION = YES;
				CLANG_WARN_INT_CONVERSION = YES;
				CLANG_WARN_NON_LITERAL_NULL_CONVERSION = YES;
				CLANG_WARN_OBJC_IMPLICIT_RETAIN_SELF = YES;
				CLANG_WARN_OBJC_LITERAL_CONVERSION = YES;
				CLANG_WARN_OBJC_ROOT_CLASS = YES_ERROR;
				CLANG_WARN_RANGE_LOOP_ANALYSIS = YES;
				CLANG_WARN_STRICT_PROTOTYPES = YES;
				CLANG_WARN_SUSPICIOUS_MOVE = YES;
				CLANG_WARN_UNGUARDED_AVAILABILITY = YES_AGGRESSIVE;
				CLANG_WARN_UNREACHABLE_CODE = YES;
				CLANG_WARN__DUPLICATE_METHOD_MATCH = YES;
				CODE_SIGN_IDENTITY = "iPhone Developer";
				COPY_PHASE_STRIP = NO;
				DEBUG_INFORMATION_FORMAT = "dwarf-with-dsym";
				ENABLE_NS_ASSERTIONS = NO;
				ENABLE_STRICT_OBJC_MSGSEND = YES;
				GCC_C_LANGUAGE_STANDARD = gnu11;
				GCC_NO_COMMON_BLOCKS = YES;
				GCC_WARN_64_TO_32_BIT_CONVERSION = YES;
				GCC_WARN_ABOUT_RETURN_TYPE = YES_ERROR;
				GCC_WARN_UNDECLARED_SELECTOR = YES;
				GCC_WARN_UNINITIALIZED_AUTOS = YES_AGGRESSIVE;
				GCC_WARN_UNUSED_FUNCTION = YES;
				GCC_WARN_UNUSED_VARIABLE = YES;
				IPHONEOS_DEPLOYMENT_TARGET = 12.1;
				MTL_ENABLE_DEBUG_INFO = NO;
				MTL_FAST_MATH = YES;
				SDKROOT = iphoneos;
				SWIFT_COMPILATION_MODE = wholemodule;
				SWIFT_OPTIMIZATION_LEVEL = "-O";
				VALIDATE_PRODUCT = YES;
			};
			name = Release;
		};
		FDBE220521A14CCB0036A660 /* Debug */ = {
			isa = XCBuildConfiguration;
			buildSettings = {
				ASSETCATALOG_COMPILER_APPICON_NAME = AppIcon;
				CODE_SIGN_STYLE = Automatic;
				DEVELOPMENT_TEAM = 82L9KUH2QT;
				INFOPLIST_FILE = "FlatunDemo/Additional Files/Info.plist";
				LD_RUNPATH_SEARCH_PATHS = (
					"$(inherited)",
					"@executable_path/Frameworks",
				);
				PRODUCT_BUNDLE_IDENTIFIER = "cs193-09.2017.FlatunDemo";
				PRODUCT_NAME = "$(TARGET_NAME)";
				SWIFT_VERSION = 4.2;
				TARGETED_DEVICE_FAMILY = "1,2";
			};
			name = Debug;
		};
		FDBE220621A14CCB0036A660 /* Release */ = {
			isa = XCBuildConfiguration;
			buildSettings = {
				ASSETCATALOG_COMPILER_APPICON_NAME = AppIcon;
				CODE_SIGN_STYLE = Automatic;
				DEVELOPMENT_TEAM = 82L9KUH2QT;
				INFOPLIST_FILE = "FlatunDemo/Additional Files/Info.plist";
				LD_RUNPATH_SEARCH_PATHS = (
					"$(inherited)",
					"@executable_path/Frameworks",
				);
				PRODUCT_BUNDLE_IDENTIFIER = "cs193-09.2017.FlatunDemo";
				PRODUCT_NAME = "$(TARGET_NAME)";
				SWIFT_VERSION = 4.2;
				TARGETED_DEVICE_FAMILY = "1,2";
			};
			name = Release;
		};
/* End XCBuildConfiguration section */

/* Begin XCConfigurationList section */
		FDBE21ED21A14CC90036A660 /* Build configuration list for PBXProject "FlatunDemo" */ = {
			isa = XCConfigurationList;
			buildConfigurations = (
				FDBE220221A14CCB0036A660 /* Debug */,
				FDBE220321A14CCB0036A660 /* Release */,
			);
			defaultConfigurationIsVisible = 0;
			defaultConfigurationName = Release;
		};
		FDBE220421A14CCB0036A660 /* Build configuration list for PBXNativeTarget "FlatunDemo" */ = {
			isa = XCConfigurationList;
			buildConfigurations = (
				FDBE220521A14CCB0036A660 /* Debug */,
				FDBE220621A14CCB0036A660 /* Release */,
			);
			defaultConfigurationIsVisible = 0;
			defaultConfigurationName = Release;
		};
/* End XCConfigurationList section */
	};
	rootObject = FDBE21EA21A14CC90036A660 /* Project object */;
}
